
Microsoft Visual Studio Solution File, Format Version 12.00
# Visual Studio Version 17
VisualStudioVersion = 17.13.35913.81 d17.13
MinimumVisualStudioVersion = 10.0.40219.1
Project("{FAE04EC0-301F-11D3-BF4B-00C04F79EFBC}") = "Task2", "Task2\Task2.csproj", "{AE43E29D-F291-4D49-B0BD-3982863CF1FE}"
EndProject
Global
	GlobalSection(SolutionConfigurationPlatforms) = preSolution
		Debug|Any CPU = Debug|Any CPU
		Release|Any CPU = Release|Any CPU
	EndGlobalSection
	GlobalSection(ProjectConfigurationPlatforms) = postSolution
		{AE43E29D-F291-4D49-B0BD-3982863CF1FE}.Debug|Any CPU.ActiveCfg = Debug|Any CPU
		{AE43E29D-F291-4D49-B0BD-3982863CF1FE}.Debug|Any CPU.Build.0 = Debug|Any CPU
		{AE43E29D-F291-4D49-B0BD-3982863CF1FE}.Release|Any CPU.ActiveCfg = Release|Any CPU
		{AE43E29D-F291-4D49-B0BD-3982863CF1FE}.Release|Any CPU.Build.0 = Release|Any CPU
	EndGlobalSection
	GlobalSection(SolutionProperties) = preSolution
		HideSolutionNode = FALSE
	EndGlobalSection
	GlobalSection(ExtensibilityGlobals) = postSolution
		SolutionGuid = {6B53C607-EB4F-4084-BB96-C49292C96F73}
	EndGlobalSection
EndGlobal
